
Microsoft Visual Studio Solution File, Format Version 12.00
# Visual Studio Version 17
VisualStudioVersion = 17.6.33723.286
MinimumVisualStudioVersion = 10.0.40219.1
Project("{9A19103F-16F7-4668-BE54-9A1E7A4F7556}") = "GarageKept.OutlookAlarm.Alarm", "GarageKept.OutlookAlarm.Alarm\GarageKept.OutlookAlarm.Alarm.csproj", "{58940C0F-F92C-4EB3-8416-342FB43559B7}"
EndProject
Project("{54435603-DBB4-11D2-8724-00A0C9A8B90C}") = "GarageKept.OutlookAlarm.Setup", "GarageKept.OutlookAlarm.Setup\GarageKept.OutlookAlarm.Setup.vdproj", "{D8EE7058-D491-412A-A17A-B8E5ADBB067B}"
EndProject
Project("{FAE04EC0-301F-11D3-BF4B-00C04F79EFBC}") = "GarageKept.OutlookAlarm.Alarm.Tests", "GarageKept.OutlookAlarm.Alarm.Tests\GarageKept.OutlookAlarm.Alarm.Tests.csproj", "{900EA539-5901-4F20-A075-5CC55315D5EF}"
EndProject
Global
	GlobalSection(SolutionConfigurationPlatforms) = preSolution
		Debug|Any CPU = Debug|Any CPU
		Debug|ARM = Debug|ARM
		Debug|ARM64 = Debug|ARM64
		Debug|x64 = Debug|x64
		Debug|x86 = Debug|x86
		Release|Any CPU = Release|Any CPU
		Release|ARM = Release|ARM
		Release|ARM64 = Release|ARM64
		Release|x64 = Release|x64
		Release|x86 = Release|x86
	EndGlobalSection
	GlobalSection(ProjectConfigurationPlatforms) = postSolution
		{58940C0F-F92C-4EB3-8416-342FB43559B7}.Debug|Any CPU.ActiveCfg = Debug|Any CPU
		{58940C0F-F92C-4EB3-8416-342FB43559B7}.Debug|Any CPU.Build.0 = Debug|Any CPU
		{58940C0F-F92C-4EB3-8416-342FB43559B7}.Debug|ARM.ActiveCfg = Debug|Any CPU
		{58940C0F-F92C-4EB3-8416-342FB43559B7}.Debug|ARM.Build.0 = Debug|Any CPU
		{58940C0F-F92C-4EB3-8416-342FB43559B7}.Debug|ARM64.ActiveCfg = Debug|Any CPU
		{58940C0F-F92C-4EB3-8416-342FB43559B7}.Debug|ARM64.Build.0 = Debug|Any CPU
		{58940C0F-F92C-4EB3-8416-342FB43559B7}.Debug|x64.ActiveCfg = Debug|Any CPU
		{58940C0F-F92C-4EB3-8416-342FB43559B7}.Debug|x64.Build.0 = Debug|Any CPU
		{58940C0F-F92C-4EB3-8416-342FB43559B7}.Debug|x86.ActiveCfg = Debug|Any CPU
		{58940C0F-F92C-4EB3-8416-342FB43559B7}.Debug|x86.Build.0 = Debug|Any CPU
		{58940C0F-F92C-4EB3-8416-342FB43559B7}.Release|Any CPU.ActiveCfg = Release|Any CPU
		{58940C0F-F92C-4EB3-8416-342FB43559B7}.Release|Any CPU.Build.0 = Release|Any CPU
		{58940C0F-F92C-4EB3-8416-342FB43559B7}.Release|ARM.ActiveCfg = Release|Any CPU
		{58940C0F-F92C-4EB3-8416-342FB43559B7}.Release|ARM.Build.0 = Release|Any CPU
		{58940C0F-F92C-4EB3-8416-342FB43559B7}.Release|ARM64.ActiveCfg = Release|Any CPU
		{58940C0F-F92C-4EB3-8416-342FB43559B7}.Release|ARM64.Build.0 = Release|Any CPU
		{58940C0F-F92C-4EB3-8416-342FB43559B7}.Release|x64.ActiveCfg = Release|Any CPU
		{58940C0F-F92C-4EB3-8416-342FB43559B7}.Release|x64.Build.0 = Release|Any CPU
		{58940C0F-F92C-4EB3-8416-342FB43559B7}.Release|x86.ActiveCfg = Release|Any CPU
		{58940C0F-F92C-4EB3-8416-342FB43559B7}.Release|x86.Build.0 = Release|Any CPU
		{D8EE7058-D491-412A-A17A-B8E5ADBB067B}.Debug|Any CPU.ActiveCfg = Debug
		{D8EE7058-D491-412A-A17A-B8E5ADBB067B}.Debug|ARM.ActiveCfg = Debug
		{D8EE7058-D491-412A-A17A-B8E5ADBB067B}.Debug|ARM64.ActiveCfg = Debug
		{D8EE7058-D491-412A-A17A-B8E5ADBB067B}.Debug|x64.ActiveCfg = Debug
		{D8EE7058-D491-412A-A17A-B8E5ADBB067B}.Debug|x86.ActiveCfg = Debug
		{D8EE7058-D491-412A-A17A-B8E5ADBB067B}.Release|Any CPU.ActiveCfg = Release
		{D8EE7058-D491-412A-A17A-B8E5ADBB067B}.Release|ARM.ActiveCfg = Release
		{D8EE7058-D491-412A-A17A-B8E5ADBB067B}.Release|ARM64.ActiveCfg = Release
		{D8EE7058-D491-412A-A17A-B8E5ADBB067B}.Release|x64.ActiveCfg = Release
		{D8EE7058-D491-412A-A17A-B8E5ADBB067B}.Release|x86.ActiveCfg = Release
		{900EA539-5901-4F20-A075-5CC55315D5EF}.Debug|Any CPU.ActiveCfg = Debug|Any CPU
		{900EA539-5901-4F20-A075-5CC55315D5EF}.Debug|Any CPU.Build.0 = Debug|Any CPU
		{900EA539-5901-4F20-A075-5CC55315D5EF}.Debug|ARM.ActiveCfg = Debug|Any CPU
		{900EA539-5901-4F20-A075-5CC55315D5EF}.Debug|ARM.Build.0 = Debug|Any CPU
		{900EA539-5901-4F20-A075-5CC55315D5EF}.Debug|ARM64.ActiveCfg = Debug|Any CPU
		{900EA539-5901-4F20-A075-5CC55315D5EF}.Debug|ARM64.Build.0 = Debug|Any CPU
		{900EA539-5901-4F20-A075-5CC55315D5EF}.Debug|x64.ActiveCfg = Debug|Any CPU
		{900EA539-5901-4F20-A075-5CC55315D5EF}.Debug|x64.Build.0 = Debug|Any CPU
		{900EA539-5901-4F20-A075-5CC55315D5EF}.Debug|x86.ActiveCfg = Debug|Any CPU
		{900EA539-5901-4F20-A075-5CC55315D5EF}.Debug|x86.Build.0 = Debug|Any CPU
		{900EA539-5901-4F20-A075-5CC55315D5EF}.Release|Any CPU.ActiveCfg = Release|Any CPU
		{900EA539-5901-4F20-A075-5CC55315D5EF}.Release|Any CPU.Build.0 = Release|Any CPU
		{900EA539-5901-4F20-A075-5CC55315D5EF}.Release|ARM.ActiveCfg = Release|Any CPU
		{900EA539-5901-4F20-A075-5CC55315D5EF}.Release|ARM.Build.0 = Release|Any CPU
		{900EA539-5901-4F20-A075-5CC55315D5EF}.Release|ARM64.ActiveCfg = Release|Any CPU
		{900EA539-5901-4F20-A075-5CC55315D5EF}.Release|ARM64.Build.0 = Release|Any CPU
		{900EA539-5901-4F20-A075-5CC55315D5EF}.Release|x64.ActiveCfg = Release|Any CPU
		{900EA539-5901-4F20-A075-5CC55315D5EF}.Release|x64.Build.0 = Release|Any CPU
		{900EA539-5901-4F20-A075-5CC55315D5EF}.Release|x86.ActiveCfg = Release|Any CPU
		{900EA539-5901-4F20-A075-5CC55315D5EF}.Release|x86.Build.0 = Release|Any CPU
	EndGlobalSection
	GlobalSection(SolutionProperties) = preSolution
		HideSolutionNode = FALSE
	EndGlobalSection
	GlobalSection(ExtensibilityGlobals) = postSolution
		SolutionGuid = {B4877A76-7B22-4203-B200-DD50728AD689}
	EndGlobalSection
EndGlobal
